
Microsoft Visual Studio Solution File, Format Version 11.00
# Visual Studio 2010
Project("{FAE04EC0-301F-11D3-BF4B-00C04F79EFBC}") = "Assembly-CSharp", "Assembly-CSharp.csproj", "{38a5da8f-bcba-0172-5359-c06ff1309523}"
EndProject
Project("{FAE04EC0-301F-11D3-BF4B-00C04F79EFBC}") = "Assembly-CSharp-Editor", "Assembly-CSharp-Editor.csproj", "{b88a3738-a7aa-e2bd-c645-2dcb3b471a51}"
EndProject
Global
	GlobalSection(SolutionConfigurationPlatforms) = preSolution
		Debug|Any CPU = Debug|Any CPU
	EndGlobalSection
	GlobalSection(ProjectConfigurationPlatforms) = postSolution
		{38a5da8f-bcba-0172-5359-c06ff1309523}.Debug|Any CPU.ActiveCfg = Debug|Any CPU
		{38a5da8f-bcba-0172-5359-c06ff1309523}.Debug|Any CPU.Build.0 = Debug|Any CPU
		{b88a3738-a7aa-e2bd-c645-2dcb3b471a51}.Debug|Any CPU.ActiveCfg = Debug|Any CPU
		{b88a3738-a7aa-e2bd-c645-2dcb3b471a51}.Debug|Any CPU.Build.0 = Debug|Any CPU
	EndGlobalSection
	GlobalSection(SolutionProperties) = preSolution
		HideSolutionNode = FALSE
	EndGlobalSection
EndGlobal
